{
     "name": "stutterify",
     "version": "2.0.4",
     "lockfileVersion": 2,
     "requires": true,
     "packages": {
          "": {
               "name": "stutterify",
               "version": "2.0.4",
               "license": "MIT",
               "dependencies": {
                    "stutterify": "^2.0.4"
               }
          },
          "node_modules/stutterify": {
               "version": "2.0.4",
               "resolved": "https://registry.npmjs.org/stutterify/-/stutterify-2.0.4.tgz",
               "integrity": "sha512-J/ZVE9z07700hQCbwLxHFFEOgcvy5ugp2rqiLhor6wglteP+FmQ84z7qra76EE3BQF5eud+oZDShKyVp/GFF5Q=="
          }
     },
     "dependencies": {
          "stutterify": {
               "version": "2.0.4",
               "resolved": "https://registry.npmjs.org/stutterify/-/stutterify-2.0.4.tgz",
               "integrity": "sha512-J/ZVE9z07700hQCbwLxHFFEOgcvy5ugp2rqiLhor6wglteP+FmQ84z7qra76EE3BQF5eud+oZDShKyVp/GFF5Q=="
          }
     }
}
